
Microsoft Visual Studio Solution File, Format Version 12.00
# Visual Studio Version 16
VisualStudioVersion = 16.0.33328.57
MinimumVisualStudioVersion = 10.0.40219.1
Project("{FAE04EC0-301F-11D3-BF4B-00C04F79EFBC}") = "Kitaplık Projesi", "Kitaplık Projesi\Kitaplık Projesi.csproj", "{4F4A02A5-DDF5-43CE-B972-130CBE63A9C5}"
EndProject
Global
	GlobalSection(SolutionConfigurationPlatforms) = preSolution
		Debug|Any CPU = Debug|Any CPU
		Release|Any CPU = Release|Any CPU
	EndGlobalSection
	GlobalSection(ProjectConfigurationPlatforms) = postSolution
		{4F4A02A5-DDF5-43CE-B972-130CBE63A9C5}.Debug|Any CPU.ActiveCfg = Debug|Any CPU
		{4F4A02A5-DDF5-43CE-B972-130CBE63A9C5}.Debug|Any CPU.Build.0 = Debug|Any CPU
		{4F4A02A5-DDF5-43CE-B972-130CBE63A9C5}.Release|Any CPU.ActiveCfg = Release|Any CPU
		{4F4A02A5-DDF5-43CE-B972-130CBE63A9C5}.Release|Any CPU.Build.0 = Release|Any CPU
	EndGlobalSection
	GlobalSection(SolutionProperties) = preSolution
		HideSolutionNode = FALSE
	EndGlobalSection
	GlobalSection(ExtensibilityGlobals) = postSolution
		SolutionGuid = {94D047D4-C725-4ED7-AD74-C81B12D7F1A2}
	EndGlobalSection
EndGlobal
